
Microsoft Visual Studio Solution File, Format Version 12.00
# Visual Studio Version 17
VisualStudioVersion = 17.2.32516.85
MinimumVisualStudioVersion = 10.0.40219.1
Project("{FAE04EC0-301F-11D3-BF4B-00C04F79EFBC}") = "XPlatSolutions.PartyCraft.UsersService", "XPlatSolutions.PartyCraft.UsersService\XPlatSolutions.PartyCraft.UsersService.csproj", "{B7E0F01C-DFAB-4519-AAAF-E66283BCE24F}"
EndProject
Global
	GlobalSection(SolutionConfigurationPlatforms) = preSolution
		Debug|Any CPU = Debug|Any CPU
		Release|Any CPU = Release|Any CPU
	EndGlobalSection
	GlobalSection(ProjectConfigurationPlatforms) = postSolution
		{B7E0F01C-DFAB-4519-AAAF-E66283BCE24F}.Debug|Any CPU.ActiveCfg = Debug|Any CPU
		{B7E0F01C-DFAB-4519-AAAF-E66283BCE24F}.Debug|Any CPU.Build.0 = Debug|Any CPU
		{B7E0F01C-DFAB-4519-AAAF-E66283BCE24F}.Release|Any CPU.ActiveCfg = Release|Any CPU
		{B7E0F01C-DFAB-4519-AAAF-E66283BCE24F}.Release|Any CPU.Build.0 = Release|Any CPU
	EndGlobalSection
	GlobalSection(SolutionProperties) = preSolution
		HideSolutionNode = FALSE
	EndGlobalSection
	GlobalSection(ExtensibilityGlobals) = postSolution
		SolutionGuid = {34C8C992-5083-481F-A5E1-2E0C20BECB90}
	EndGlobalSection
EndGlobal
