
Microsoft Visual Studio Solution File, Format Version 12.00
# Visual Studio Version 17
VisualStudioVersion = 17.1.32228.430
MinimumVisualStudioVersion = 10.0.40219.1
Project("{9A19103F-16F7-4668-BE54-9A1E7A4F7556}") = "XPlatSolutions.PartyCraft.AuthorizationService", "XPlatSolutions.PartyCraft.AuthorizationService\XPlatSolutions.PartyCraft.AuthorizationService.csproj", "{C81F60B6-B814-4ED1-860E-9B8E34368144}"
EndProject
Project("{9A19103F-16F7-4668-BE54-9A1E7A4F7556}") = "XPlatSolutions.PartyCraft.AuthorizationService.Domain.Core", "XPlatSolutions.PartyCraft.AuthorizationService.Domain.Core\XPlatSolutions.PartyCraft.AuthorizationService.Domain.Core.csproj", "{6C801A29-6CB6-4502-90CC-BC4CAF80FFCB}"
EndProject
Project("{9A19103F-16F7-4668-BE54-9A1E7A4F7556}") = "XPlatSolutions.PartyCraft.AuthorizationService.DAL.Interfaces", "XPlatSolutions.PartyCraft.AuthorizationService.DAL.Interfaces\XPlatSolutions.PartyCraft.AuthorizationService.DAL.Interfaces.csproj", "{44A62051-9AC9-457F-8D50-5F9D6976C9AC}"
EndProject
Project("{9A19103F-16F7-4668-BE54-9A1E7A4F7556}") = "XPlatSolutions.PartyCraft.AuthorizationService.DAL", "XPlatSolutions.PartyCraft.AuthorizationService.DAL\XPlatSolutions.PartyCraft.AuthorizationService.DAL.csproj", "{567822F5-5964-45D5-BB20-F742E539895F}"
EndProject
Project("{9A19103F-16F7-4668-BE54-9A1E7A4F7556}") = "XPlatSolutions.PartyCraft.AuthorizationService.BLL.Interfaces", "XPlatSolutions.PartyCraft.AuthorizationService.BLL.Interfaces\XPlatSolutions.PartyCraft.AuthorizationService.BLL.Interfaces.csproj", "{13FDD0FC-8978-49CE-A180-D19E7C0F2E50}"
EndProject
Project("{9A19103F-16F7-4668-BE54-9A1E7A4F7556}") = "XPlatSolutions.PartyCraft.AuthorizationService.BLL", "XPlatSolutions.PartyCraft.AuthorizationService.BLL\XPlatSolutions.PartyCraft.AuthorizationService.BLL.csproj", "{53DDA55A-3E41-424B-A741-3562548B950B}"
EndProject
Project("{E53339B2-1760-4266-BCC7-CA923CBCF16C}") = "docker-compose", "docker-compose.dcproj", "{6301E434-4629-4B4E-89B6-3A4EB8256AD6}"
EndProject
Project("{2150E333-8FDC-42A3-9474-1A3956D46DE8}") = "External", "External", "{3A512C4C-B974-453C-952E-B63D64BB05A9}"
EndProject
Project("{9A19103F-16F7-4668-BE54-9A1E7A4F7556}") = "XPlatSolutions.PartyCraft.EventBus", "..\XPlatSolutions.PartyCraft.EventBus\XPlatSolutions.PartyCraft.EventBus\XPlatSolutions.PartyCraft.EventBus.csproj", "{9E308669-FD5E-4A6B-9D12-6D8D3F34575A}"
EndProject
Project("{9A19103F-16F7-4668-BE54-9A1E7A4F7556}") = "XPlatSolutions.PartyCraft.EventBus.RMQ", "..\XPlatSolutions.PartyCraft.EventBus\XPlatSolutions.PartyCraft.EventBus.RMQ\XPlatSolutions.PartyCraft.EventBus.RMQ.csproj", "{282CB79A-602D-4750-87C6-5875DEF9009F}"
EndProject
Project("{FAE04EC0-301F-11D3-BF4B-00C04F79EFBC}") = "XPlatSolutions.PartyCraft.EventBus.Interfaces", "..\XPlatSolutions.PartyCraft.EventBus.Interfaces\XPlatSolutions.PartyCraft.EventBus.Interfaces.csproj", "{68146501-CB6B-49FD-8744-9D2FCF649EE6}"
EndProject
Global
	GlobalSection(SolutionConfigurationPlatforms) = preSolution
		Debug|Any CPU = Debug|Any CPU
		Release|Any CPU = Release|Any CPU
	EndGlobalSection
	GlobalSection(ProjectConfigurationPlatforms) = postSolution
		{C81F60B6-B814-4ED1-860E-9B8E34368144}.Debug|Any CPU.ActiveCfg = Debug|Any CPU
		{C81F60B6-B814-4ED1-860E-9B8E34368144}.Debug|Any CPU.Build.0 = Debug|Any CPU
		{C81F60B6-B814-4ED1-860E-9B8E34368144}.Release|Any CPU.ActiveCfg = Release|Any CPU
		{C81F60B6-B814-4ED1-860E-9B8E34368144}.Release|Any CPU.Build.0 = Release|Any CPU
		{6C801A29-6CB6-4502-90CC-BC4CAF80FFCB}.Debug|Any CPU.ActiveCfg = Debug|Any CPU
		{6C801A29-6CB6-4502-90CC-BC4CAF80FFCB}.Debug|Any CPU.Build.0 = Debug|Any CPU
		{6C801A29-6CB6-4502-90CC-BC4CAF80FFCB}.Release|Any CPU.ActiveCfg = Release|Any CPU
		{6C801A29-6CB6-4502-90CC-BC4CAF80FFCB}.Release|Any CPU.Build.0 = Release|Any CPU
		{44A62051-9AC9-457F-8D50-5F9D6976C9AC}.Debug|Any CPU.ActiveCfg = Debug|Any CPU
		{44A62051-9AC9-457F-8D50-5F9D6976C9AC}.Debug|Any CPU.Build.0 = Debug|Any CPU
		{44A62051-9AC9-457F-8D50-5F9D6976C9AC}.Release|Any CPU.ActiveCfg = Release|Any CPU
		{44A62051-9AC9-457F-8D50-5F9D6976C9AC}.Release|Any CPU.Build.0 = Release|Any CPU
		{567822F5-5964-45D5-BB20-F742E539895F}.Debug|Any CPU.ActiveCfg = Debug|Any CPU
		{567822F5-5964-45D5-BB20-F742E539895F}.Debug|Any CPU.Build.0 = Debug|Any CPU
		{567822F5-5964-45D5-BB20-F742E539895F}.Release|Any CPU.ActiveCfg = Release|Any CPU
		{567822F5-5964-45D5-BB20-F742E539895F}.Release|Any CPU.Build.0 = Release|Any CPU
		{13FDD0FC-8978-49CE-A180-D19E7C0F2E50}.Debug|Any CPU.ActiveCfg = Debug|Any CPU
		{13FDD0FC-8978-49CE-A180-D19E7C0F2E50}.Debug|Any CPU.Build.0 = Debug|Any CPU
		{13FDD0FC-8978-49CE-A180-D19E7C0F2E50}.Release|Any CPU.ActiveCfg = Release|Any CPU
		{13FDD0FC-8978-49CE-A180-D19E7C0F2E50}.Release|Any CPU.Build.0 = Release|Any CPU
		{53DDA55A-3E41-424B-A741-3562548B950B}.Debug|Any CPU.ActiveCfg = Debug|Any CPU
		{53DDA55A-3E41-424B-A741-3562548B950B}.Debug|Any CPU.Build.0 = Debug|Any CPU
		{53DDA55A-3E41-424B-A741-3562548B950B}.Release|Any CPU.ActiveCfg = Release|Any CPU
		{53DDA55A-3E41-424B-A741-3562548B950B}.Release|Any CPU.Build.0 = Release|Any CPU
		{6301E434-4629-4B4E-89B6-3A4EB8256AD6}.Debug|Any CPU.ActiveCfg = Debug|Any CPU
		{6301E434-4629-4B4E-89B6-3A4EB8256AD6}.Debug|Any CPU.Build.0 = Debug|Any CPU
		{6301E434-4629-4B4E-89B6-3A4EB8256AD6}.Release|Any CPU.ActiveCfg = Release|Any CPU
		{6301E434-4629-4B4E-89B6-3A4EB8256AD6}.Release|Any CPU.Build.0 = Release|Any CPU
		{9E308669-FD5E-4A6B-9D12-6D8D3F34575A}.Debug|Any CPU.ActiveCfg = Debug|Any CPU
		{9E308669-FD5E-4A6B-9D12-6D8D3F34575A}.Debug|Any CPU.Build.0 = Debug|Any CPU
		{9E308669-FD5E-4A6B-9D12-6D8D3F34575A}.Release|Any CPU.ActiveCfg = Release|Any CPU
		{9E308669-FD5E-4A6B-9D12-6D8D3F34575A}.Release|Any CPU.Build.0 = Release|Any CPU
		{282CB79A-602D-4750-87C6-5875DEF9009F}.Debug|Any CPU.ActiveCfg = Debug|Any CPU
		{282CB79A-602D-4750-87C6-5875DEF9009F}.Debug|Any CPU.Build.0 = Debug|Any CPU
		{282CB79A-602D-4750-87C6-5875DEF9009F}.Release|Any CPU.ActiveCfg = Release|Any CPU
		{282CB79A-602D-4750-87C6-5875DEF9009F}.Release|Any CPU.Build.0 = Release|Any CPU
		{68146501-CB6B-49FD-8744-9D2FCF649EE6}.Debug|Any CPU.ActiveCfg = Debug|Any CPU
		{68146501-CB6B-49FD-8744-9D2FCF649EE6}.Debug|Any CPU.Build.0 = Debug|Any CPU
		{68146501-CB6B-49FD-8744-9D2FCF649EE6}.Release|Any CPU.ActiveCfg = Release|Any CPU
		{68146501-CB6B-49FD-8744-9D2FCF649EE6}.Release|Any CPU.Build.0 = Release|Any CPU
	EndGlobalSection
	GlobalSection(SolutionProperties) = preSolution
		HideSolutionNode = FALSE
	EndGlobalSection
	GlobalSection(NestedProjects) = preSolution
		{9E308669-FD5E-4A6B-9D12-6D8D3F34575A} = {3A512C4C-B974-453C-952E-B63D64BB05A9}
		{282CB79A-602D-4750-87C6-5875DEF9009F} = {3A512C4C-B974-453C-952E-B63D64BB05A9}
		{68146501-CB6B-49FD-8744-9D2FCF649EE6} = {3A512C4C-B974-453C-952E-B63D64BB05A9}
	EndGlobalSection
	GlobalSection(ExtensibilityGlobals) = postSolution
		SolutionGuid = {17DBAF3E-11C7-4E27-943A-607465F7A0B6}
	EndGlobalSection
EndGlobal
